// !$*UTF8*$!
{
	archiveVersion = 1;
	classes = {
	};
	objectVersion = 50;
	objects = {

/* Begin PBXBuildFile section */
		68DAE67C263026C600B29866 /* AppDelegate.swift in Sources */ = {isa = PBXBuildFile; fileRef = 68DAE67B263026C600B29866 /* AppDelegate.swift */; };
		68DAE67E263026C600B29866 /* SceneDelegate.swift in Sources */ = {isa = PBXBuildFile; fileRef = 68DAE67D263026C600B29866 /* SceneDelegate.swift */; };
		68DAE680263026C600B29866 /* ScannerViewController.swift in Sources */ = {isa = PBXBuildFile; fileRef = 68DAE67F263026C600B29866 /* ScannerViewController.swift */; };
		68DAE683263026C600B29866 /* Main.storyboard in Resources */ = {isa = PBXBuildFile; fileRef = 68DAE681263026C600B29866 /* Main.storyboard */; };
		68DAE685263026C900B29866 /* Assets.xcassets in Resources */ = {isa = PBXBuildFile; fileRef = 68DAE684263026C900B29866 /* Assets.xcassets */; };
		68DAE688263026C900B29866 /* LaunchScreen.storyboard in Resources */ = {isa = PBXBuildFile; fileRef = 68DAE686263026C900B29866 /* LaunchScreen.storyboard */; };
		68DF75B62631386C0038FB23 /* TextViewController.swift in Sources */ = {isa = PBXBuildFile; fileRef = 68DF75B52631386C0038FB23 /* TextViewController.swift */; };
		68DF75B926313C1D0038FB23 /* RecognizedTextDataSource.swift in Sources */ = {isa = PBXBuildFile; fileRef = 68DF75B826313C1D0038FB23 /* RecognizedTextDataSource.swift */; };
/* End PBXBuildFile section */

/* Begin PBXFileReference section */
		68DAE678263026C600B29866 /* TextRecognizationDemo.app */ = {isa = PBXFileReference; explicitFileType = wrapper.application; includeInIndex = 0; path = TextRecognizationDemo.app; sourceTree = BUILT_PRODUCTS_DIR; };
		68DAE67B263026C600B29866 /* AppDelegate.swift */ = {isa = PBXFileReference; lastKnownFileType = sourcecode.swift; path = AppDelegate.swift; sourceTree = "<group>"; };
		68DAE67D263026C600B29866 /* SceneDelegate.swift */ = {isa = PBXFileReference; lastKnownFileType = sourcecode.swift; path = SceneDelegate.swift; sourceTree = "<group>"; };
		68DAE67F263026C600B29866 /* ScannerViewController.swift */ = {isa = PBXFileReference; lastKnownFileType = sourcecode.swift; path = ScannerViewController.swift; sourceTree = "<group>"; };
		68DAE682263026C600B29866 /* Base */ = {isa = PBXFileReference; lastKnownFileType = file.storyboard; name = Base; path = Base.lproj/Main.storyboard; sourceTree = "<group>"; };
		68DAE684263026C900B29866 /* Assets.xcassets */ = {isa = PBXFileReference; lastKnownFileType = folder.assetcatalog; path = Assets.xcassets; sourceTree = "<group>"; };
		68DAE687263026C900B29866 /* Base */ = {isa = PBXFileReference; lastKnownFileType = file.storyboard; name = Base; path = Base.lproj/LaunchScreen.storyboard; sourceTree = "<group>"; };
		68DAE689263026C900B29866 /* Info.plist */ = {isa = PBXFileReference; lastKnownFileType = text.plist.xml; path = Info.plist; sourceTree = "<group>"; };
		68DF75B52631386C0038FB23 /* TextViewController.swift */ = {isa = PBXFileReference; lastKnownFileType = sourcecode.swift; path = TextViewController.swift; sourceTree = "<group>"; };
		68DF75B826313C1D0038FB23 /* RecognizedTextDataSource.swift */ = {isa = PBXFileReference; fileEncoding = 4; lastKnownFileType = sourcecode.swift; path = RecognizedTextDataSource.swift; sourceTree = "<group>"; };
/* End PBXFileReference section */

/* Begin PBXFrameworksBuildPhase section */
		68DAE675263026C600B29866 /* Frameworks */ = {
			isa = PBXFrameworksBuildPhase;
			buildActionMask = 2147483647;
			files = (
			);
			runOnlyForDeploymentPostprocessing = 0;
		};
/* End PBXFrameworksBuildPhase section */

/* Begin PBXGroup section */
		68DAE66F263026C600B29866 = {
			isa = PBXGroup;
			children = (
				68DAE67A263026C600B29866 /* TextRecognizationDemo */,
				68DAE679263026C600B29866 /* Products */,
			);
			sourceTree = "<group>";
		};
		68DAE679263026C600B29866 /* Products */ = {
			isa = PBXGroup;
			children = (
				68DAE678263026C600B29866 /* TextRecognizationDemo.app */,
			);
			name = Products;
			sourceTree = "<group>";
		};
		68DAE67A263026C600B29866 /* TextRecognizationDemo */ = {
			isa = PBXGroup;
			children = (
				68DAE67B263026C600B29866 /* AppDelegate.swift */,
				68DAE67D263026C600B29866 /* SceneDelegate.swift */,
				68DAE67F263026C600B29866 /* ScannerViewController.swift */,
				68DF75B52631386C0038FB23 /* TextViewController.swift */,
				68DF75B826313C1D0038FB23 /* RecognizedTextDataSource.swift */,
				68DAE681263026C600B29866 /* Main.storyboard */,
				68DAE684263026C900B29866 /* Assets.xcassets */,
				68DAE686263026C900B29866 /* LaunchScreen.storyboard */,
				68DAE689263026C900B29866 /* Info.plist */,
			);
			path = TextRecognizationDemo;
			sourceTree = "<group>";
		};
/* End PBXGroup section */

/* Begin PBXNativeTarget section */
		68DAE677263026C600B29866 /* TextRecognizationDemo */ = {
			isa = PBXNativeTarget;
			buildConfigurationList = 68DAE68C263026C900B29866 /* Build configuration list for PBXNativeTarget "TextRecognizationDemo" */;
			buildPhases = (
				68DAE674263026C600B29866 /* Sources */,
				68DAE675263026C600B29866 /* Frameworks */,
				68DAE676263026C600B29866 /* Resources */,
			);
			buildRules = (
			);
			dependencies = (
			);
			name = TextRecognizationDemo;
			productName = TextRecognizationDemo;
			productReference = 68DAE678263026C600B29866 /* TextRecognizationDemo.app */;
			productType = "com.apple.product-type.application";
		};
/* End PBXNativeTarget section */

/* Begin PBXProject section */
		68DAE670263026C600B29866 /* Project object */ = {
			isa = PBXProject;
			attributes = {
				LastSwiftUpdateCheck = 1230;
				LastUpgradeCheck = 1230;
				TargetAttributes = {
					68DAE677263026C600B29866 = {
						CreatedOnToolsVersion = 12.3;
					};
				};
			};
			buildConfigurationList = 68DAE673263026C600B29866 /* Build configuration list for PBXProject "TextRecognizationDemo" */;
			compatibilityVersion = "Xcode 9.3";
			developmentRegion = en;
			hasScannedForEncodings = 0;
			knownRegions = (
				en,
				Base,
			);
			mainGroup = 68DAE66F263026C600B29866;
			productRefGroup = 68DAE679263026C600B29866 /* Products */;
			projectDirPath = "";
			projectRoot = "";
			targets = (
				68DAE677263026C600B29866 /* TextRecognizationDemo */,
			);
		};
/* End PBXProject section */

/* Begin PBXResourcesBuildPhase section */
		68DAE676263026C600B29866 /* Resources */ = {
			isa = PBXResourcesBuildPhase;
			buildActionMask = 2147483647;
			files = (
				68DAE688263026C900B29866 /* LaunchScreen.storyboard in Resources */,
				68DAE685263026C900B29866 /* Assets.xcassets in Resources */,
				68DAE683263026C600B29866 /* Main.storyboard in Resources */,
			);
			runOnlyForDeploymentPostprocessing = 0;
		};
/* End PBXResourcesBuildPhase section */

/* Begin PBXSourcesBuildPhase section */
		68DAE674263026C600B29866 /* Sources */ = {
			isa = PBXSourcesBuildPhase;
			buildActionMask = 2147483647;
			files = (
				68DAE680263026C600B29866 /* ScannerViewController.swift in Sources */,
				68DAE67C263026C600B29866 /* AppDelegate.swift in Sources */,
				68DAE67E263026C600B29866 /* SceneDelegate.swift in Sources */,
				68DF75B62631386C0038FB23 /* TextViewController.swift in Sources */,
				68DF75B926313C1D0038FB23 /* RecognizedTextDataSource.swift in Sources */,
			);
			runOnlyForDeploymentPostprocessing = 0;
		};
/* End PBXSourcesBuildPhase section */

/* Begin PBXVariantGroup section */
		68DAE681263026C600B29866 /* Main.storyboard */ = {
			isa = PBXVariantGroup;
			children = (
				68DAE682263026C600B29866 /* Base */,
			);
			name = Main.storyboard;
			sourceTree = "<group>";
		};
		68DAE686263026C900B29866 /* LaunchScreen.storyboard */ = {
			isa = PBXVariantGroup;
			children = (
				68DAE687263026C900B29866 /* Base */,
			);
			name = LaunchScreen.storyboard;
			sourceTree = "<group>";
		};
/* End PBXVariantGroup section */

/* Begin XCBuildConfiguration section */
		68DAE68A263026C900B29866 /* Debug */ = {
			isa = XCBuildConfiguration;
			buildSettings = {
				ALWAYS_SEARCH_USER_PATHS = NO;
				CLANG_ANALYZER_NONNULL = YES;
				CLANG_ANALYZER_NUMBER_OBJECT_CONVERSION = YES_AGGRESSIVE;
				CLANG_CXX_LANGUAGE_STANDARD = "gnu++14";
				CLANG_CXX_LIBRARY = "libc++";
				CLANG_ENABLE_MODULES = YES;
				CLANG_ENABLE_OBJC_ARC = YES;
				CLANG_ENABLE_OBJC_WEAK = YES;
				CLANG_WARN_BLOCK_CAPTURE_AUTORELEASING = YES;
				CLANG_WARN_BOOL_CONVERSION = YES;
				CLANG_WARN_COMMA = YES;
				CLANG_WARN_CONSTANT_CONVERSION = YES;
				CLANG_WARN_DEPRECATED_OBJC_IMPLEMENTATIONS = YES;
				CLANG_WARN_DIRECT_OBJC_ISA_USAGE = YES_ERROR;
				CLANG_WARN_DOCUMENTATION_COMMENTS = YES;
				CLANG_WARN_EMPTY_BODY = YES;
				CLANG_WARN_ENUM_CONVERSION = YES;
				CLANG_WARN_INFINITE_RECURSION = YES;
				CLANG_WARN_INT_CONVERSION = YES;
				CLANG_WARN_NON_LITERAL_NULL_CONVERSION = YES;
				CLANG_WARN_OBJC_IMPLICIT_RETAIN_SELF = YES;
				CLANG_WARN_OBJC_LITERAL_CONVERSION = YES;
				CLANG_WARN_OBJC_ROOT_CLASS = YES_ERROR;
				CLANG_WARN_QUOTED_INCLUDE_IN_FRAMEWORK_HEADER = YES;
				CLANG_WARN_RANGE_LOOP_ANALYSIS = YES;
				CLANG_WARN_STRICT_PROTOTYPES = YES;
				CLANG_WARN_SUSPICIOUS_MOVE = YES;
				CLANG_WARN_UNGUARDED_AVAILABILITY = YES_AGGRESSIVE;
				CLANG_WARN_UNREACHABLE_CODE = YES;
				CLANG_WARN__DUPLICATE_METHOD_MATCH = YES;
				COPY_PHASE_STRIP = NO;
				DEBUG_INFORMATION_FORMAT = dwarf;
				ENABLE_STRICT_OBJC_MSGSEND = YES;
				ENABLE_TESTABILITY = YES;
				GCC_C_LANGUAGE_STANDARD = gnu11;
				GCC_DYNAMIC_NO_PIC = NO;
				GCC_NO_COMMON_BLOCKS = YES;
				GCC_OPTIMIZATION_LEVEL = 0;
				GCC_PREPROCESSOR_DEFINITIONS = (
					"DEBUG=1",
					"$(inherited)",
				);
				GCC_WARN_64_TO_32_BIT_CONVERSION = YES;
				GCC_WARN_ABOUT_RETURN_TYPE = YES_ERROR;
				GCC_WARN_UNDECLARED_SELECTOR = YES;
				GCC_WARN_UNINITIALIZED_AUTOS = YES_AGGRESSIVE;
				GCC_WARN_UNUSED_FUNCTION = YES;
				GCC_WARN_UNUSED_VARIABLE = YES;
				IPHONEOS_DEPLOYMENT_TARGET = 14.3;
				MTL_ENABLE_DEBUG_INFO = INCLUDE_SOURCE;
				MTL_FAST_MATH = YES;
				ONLY_ACTIVE_ARCH = YES;
				SDKROOT = iphoneos;
				SWIFT_ACTIVE_COMPILATION_CONDITIONS = DEBUG;
				SWIFT_OPTIMIZATION_LEVEL = "-Onone";
			};
			name = Debug;
		};
		68DAE68B263026C900B29866 /* Release */ = {
			isa = XCBuildConfiguration;
			buildSettings = {
				ALWAYS_SEARCH_USER_PATHS = NO;
				CLANG_ANALYZER_NONNULL = YES;
				CLANG_ANALYZER_NUMBER_OBJECT_CONVERSION = YES_AGGRESSIVE;
				CLANG_CXX_LANGUAGE_STANDARD = "gnu++14";
				CLANG_CXX_LIBRARY = "libc++";
				CLANG_ENABLE_MODULES = YES;
				CLANG_ENABLE_OBJC_ARC = YES;
				CLANG_ENABLE_OBJC_WEAK = YES;
				CLANG_WARN_BLOCK_CAPTURE_AUTORELEASING = YES;
				CLANG_WARN_BOOL_CONVERSION = YES;
				CLANG_WARN_COMMA = YES;
				CLANG_WARN_CONSTANT_CONVERSION = YES;
				CLANG_WARN_DEPRECATED_OBJC_IMPLEMENTATIONS = YES;
				CLANG_WARN_DIRECT_OBJC_ISA_USAGE = YES_ERROR;
				CLANG_WARN_DOCUMENTATION_COMMENTS = YES;
				CLANG_WARN_EMPTY_BODY = YES;
				CLANG_WARN_ENUM_CONVERSION = YES;
				CLANG_WARN_INFINITE_RECURSION = YES;
				CLANG_WARN_INT_CONVERSION = YES;
				CLANG_WARN_NON_LITERAL_NULL_CONVERSION = YES;
				CLANG_WARN_OBJC_IMPLICIT_RETAIN_SELF = YES;
				CLANG_WARN_OBJC_LITERAL_CONVERSION = YES;
				CLANG_WARN_OBJC_ROOT_CLASS = YES_ERROR;
				CLANG_WARN_QUOTED_INCLUDE_IN_FRAMEWORK_HEADER = YES;
				CLANG_WARN_RANGE_LOOP_ANALYSIS = YES;
				CLANG_WARN_STRICT_PROTOTYPES = YES;
				CLANG_WARN_SUSPICIOUS_MOVE = YES;
				CLANG_WARN_UNGUARDED_AVAILABILITY = YES_AGGRESSIVE;
				CLANG_WARN_UNREACHABLE_CODE = YES;
				CLANG_WARN__DUPLICATE_METHOD_MATCH = YES;
				COPY_PHASE_STRIP = NO;
				DEBUG_INFORMATION_FORMAT = "dwarf-with-dsym";
				ENABLE_NS_ASSERTIONS = NO;
				ENABLE_STRICT_OBJC_MSGSEND = YES;
				GCC_C_LANGUAGE_STANDARD = gnu11;
				GCC_NO_COMMON_BLOCKS = YES;
				GCC_WARN_64_TO_32_BIT_CONVERSION = YES;
				GCC_WARN_ABOUT_RETURN_TYPE = YES_ERROR;
				GCC_WARN_UNDECLARED_SELECTOR = YES;
				GCC_WARN_UNINITIALIZED_AUTOS = YES_AGGRESSIVE;
				GCC_WARN_UNUSED_FUNCTION = YES;
				GCC_WARN_UNUSED_VARIABLE = YES;
				IPHONEOS_DEPLOYMENT_TARGET = 14.3;
				MTL_ENABLE_DEBUG_INFO = NO;
				MTL_FAST_MATH = YES;
				SDKROOT = iphoneos;
				SWIFT_COMPILATION_MODE = wholemodule;
				SWIFT_OPTIMIZATION_LEVEL = "-O";
				VALIDATE_PRODUCT = YES;
			};
			name = Release;
		};
		68DAE68D263026C900B29866 /* Debug */ = {
			isa = XCBuildConfiguration;
			buildSettings = {
				ASSETCATALOG_COMPILER_APPICON_NAME = AppIcon;
				ASSETCATALOG_COMPILER_GLOBAL_ACCENT_COLOR_NAME = AccentColor;
				CODE_SIGN_STYLE = Automatic;
				DEVELOPMENT_TEAM = V8A8Z4973G;
				INFOPLIST_FILE = TextRecognizationDemo/Info.plist;
				IPHONEOS_DEPLOYMENT_TARGET = 13.0;
				LD_RUNPATH_SEARCH_PATHS = (
					"$(inherited)",
					"@executable_path/Frameworks",
				);
				PRODUCT_BUNDLE_IDENTIFIER = com.mi.TextRecognizationDemo;
				PRODUCT_NAME = "$(TARGET_NAME)";
				SWIFT_VERSION = 5.0;
				TARGETED_DEVICE_FAMILY = "1,2";
			};
			name = Debug;
		};
		68DAE68E263026C900B29866 /* Release */ = {
			isa = XCBuildConfiguration;
			buildSettings = {
				ASSETCATALOG_COMPILER_APPICON_NAME = AppIcon;
				ASSETCATALOG_COMPILER_GLOBAL_ACCENT_COLOR_NAME = AccentColor;
				CODE_SIGN_STYLE = Automatic;
				DEVELOPMENT_TEAM = V8A8Z4973G;
				INFOPLIST_FILE = TextRecognizationDemo/Info.plist;
				IPHONEOS_DEPLOYMENT_TARGET = 13.0;
				LD_RUNPATH_SEARCH_PATHS = (
					"$(inherited)",
					"@executable_path/Frameworks",
				);
				PRODUCT_BUNDLE_IDENTIFIER = com.mi.TextRecognizationDemo;
				PRODUCT_NAME = "$(TARGET_NAME)";
				SWIFT_VERSION = 5.0;
				TARGETED_DEVICE_FAMILY = "1,2";
			};
			name = Release;
		};
/* End XCBuildConfiguration section */

/* Begin XCConfigurationList section */
		68DAE673263026C600B29866 /* Build configuration list for PBXProject "TextRecognizationDemo" */ = {
			isa = XCConfigurationList;
			buildConfigurations = (
				68DAE68A263026C900B29866 /* Debug */,
				68DAE68B263026C900B29866 /* Release */,
			);
			defaultConfigurationIsVisible = 0;
			defaultConfigurationName = Release;
		};
		68DAE68C263026C900B29866 /* Build configuration list for PBXNativeTarget "TextRecognizationDemo" */ = {
			isa = XCConfigurationList;
			buildConfigurations = (
				68DAE68D263026C900B29866 /* Debug */,
				68DAE68E263026C900B29866 /* Release */,
			);
			defaultConfigurationIsVisible = 0;
			defaultConfigurationName = Release;
		};
/* End XCConfigurationList section */
	};
	rootObject = 68DAE670263026C600B29866 /* Project object */;
}
